// !$*UTF8*$!
{
	archiveVersion = 1;
	classes = {
	};
	objectVersion = 48;
	objects = {

/* Begin PBXBuildFile section */
		0C085FE2656416F7A976FC43 /* libPods-SMart Attendance Recorder & Tracker.a in Frameworks */ = {isa = PBXBuildFile; fileRef = 59565B11212A2B6ABF29E895 /* libPods-SMart Attendance Recorder & Tracker.a */; };
		1F5157401FABFDE20077CEA1 /* AddNewClassViewController.swift in Sources */ = {isa = PBXBuildFile; fileRef = 1F51573F1FABFDE10077CEA1 /* AddNewClassViewController.swift */; };
		1F5157421FABFF900077CEA1 /* ClassesTableViewController.swift in Sources */ = {isa = PBXBuildFile; fileRef = 1F5157411FABFF900077CEA1 /* ClassesTableViewController.swift */; };
		1F5157441FAC008B0077CEA1 /* TakeAttendanceViewController.swift in Sources */ = {isa = PBXBuildFile; fileRef = 1F5157431FAC008B0077CEA1 /* TakeAttendanceViewController.swift */; };
		1F5157461FAC00D80077CEA1 /* AttendanceSheetsTableViewController.swift in Sources */ = {isa = PBXBuildFile; fileRef = 1F5157451FAC00D80077CEA1 /* AttendanceSheetsTableViewController.swift */; };
		1F6F58981FB51E47000D9ACF /* DatabaseManager.swift in Sources */ = {isa = PBXBuildFile; fileRef = 1F6F58971FB51E47000D9ACF /* DatabaseManager.swift */; };
		1F89DB571F86ABD2009E5C3F /* AppDelegate.swift in Sources */ = {isa = PBXBuildFile; fileRef = 1F89DB561F86ABD2009E5C3F /* AppDelegate.swift */; };
		1F89DB591F86ABD2009E5C3F /* LoginPageViewController.swift in Sources */ = {isa = PBXBuildFile; fileRef = 1F89DB581F86ABD2009E5C3F /* LoginPageViewController.swift */; };
		1F89DB601F86ABD2009E5C3F /* Assets.xcassets in Resources */ = {isa = PBXBuildFile; fileRef = 1F89DB5F1F86ABD2009E5C3F /* Assets.xcassets */; };
		1F89DB631F86ABD2009E5C3F /* LaunchScreen.storyboard in Resources */ = {isa = PBXBuildFile; fileRef = 1F89DB611F86ABD2009E5C3F /* LaunchScreen.storyboard */; };
		1F89DB6E1F86ABD2009E5C3F /* SMart_Attendance_Recorder___TrackerTests.swift in Sources */ = {isa = PBXBuildFile; fileRef = 1F89DB6D1F86ABD2009E5C3F /* SMart_Attendance_Recorder___TrackerTests.swift */; };
		1F89DB791F86ABD2009E5C3F /* SMart_Attendance_Recorder___TrackerUITests.swift in Sources */ = {isa = PBXBuildFile; fileRef = 1F89DB781F86ABD2009E5C3F /* SMart_Attendance_Recorder___TrackerUITests.swift */; };
		1F89DB8B1F86CB1E009E5C3F /* SettingsViewController.swift in Sources */ = {isa = PBXBuildFile; fileRef = 1F89DB8A1F86CB1E009E5C3F /* SettingsViewController.swift */; };
		1FAFB1381FD32B4800195D9E /* SwitchCell.swift in Sources */ = {isa = PBXBuildFile; fileRef = 1FAFB1371FD32B4800195D9E /* SwitchCell.swift */; };
		1FE73C941FB53A3D005DF62E /* ClaSS.swift in Sources */ = {isa = PBXBuildFile; fileRef = 1FE73C931FB53A3D005DF62E /* ClaSS.swift */; };
		1FE73C961FB53A75005DF62E /* Professor.swift in Sources */ = {isa = PBXBuildFile; fileRef = 1FE73C951FB53A75005DF62E /* Professor.swift */; };
		1FE73C981FB53CF0005DF62E /* Sheet.swift in Sources */ = {isa = PBXBuildFile; fileRef = 1FE73C971FB53CF0005DF62E /* Sheet.swift */; };
		1FE73C9C1FB55063005DF62E /* TodayAttendanceViewController.swift in Sources */ = {isa = PBXBuildFile; fileRef = 1FE73C9B1FB55063005DF62E /* TodayAttendanceViewController.swift */; };
		68523DE41FA55B9F00E8CF74 /* EditSettingsViewController.swift in Sources */ = {isa = PBXBuildFile; fileRef = 68523DE21FA55B9F00E8CF74 /* EditSettingsViewController.swift */; };
		68523DE51FA55B9F00E8CF74 /* RegisterNewAccountViewController.swift in Sources */ = {isa = PBXBuildFile; fileRef = 68523DE31FA55B9F00E8CF74 /* RegisterNewAccountViewController.swift */; };
		68523DE81FA55BC100E8CF74 /* Main.storyboard in Resources */ = {isa = PBXBuildFile; fileRef = 68523DE61FA55BC000E8CF74 /* Main.storyboard */; };
		9E296B491F86C04F00B29AD7 /* StudentProfileViewController.swift in Sources */ = {isa = PBXBuildFile; fileRef = 9E296B481F86C04F00B29AD7 /* StudentProfileViewController.swift */; };
		9E9257131FD35BB100FC0433 /* StudentsViewController.swift in Sources */ = {isa = PBXBuildFile; fileRef = 9E9257121FD35BB100FC0433 /* StudentsViewController.swift */; };
		CC2B1B1D1F9972BF0059522B /* ForgotPasswordViewController.swift in Sources */ = {isa = PBXBuildFile; fileRef = CC2B1B1C1F9972BF0059522B /* ForgotPasswordViewController.swift */; };
/* End PBXBuildFile section */

/* Begin PBXContainerItemProxy section */
		1F89DB6A1F86ABD2009E5C3F /* PBXContainerItemProxy */ = {
			isa = PBXContainerItemProxy;
			containerPortal = 1F89DB4B1F86ABD2009E5C3F /* Project object */;
			proxyType = 1;
			remoteGlobalIDString = 1F89DB521F86ABD2009E5C3F;
			remoteInfo = "SMart Attendance Recorder & Tracker";
		};
		1F89DB751F86ABD2009E5C3F /* PBXContainerItemProxy */ = {
			isa = PBXContainerItemProxy;
			containerPortal = 1F89DB4B1F86ABD2009E5C3F /* Project object */;
			proxyType = 1;
			remoteGlobalIDString = 1F89DB521F86ABD2009E5C3F;
			remoteInfo = "SMart Attendance Recorder & Tracker";
		};
/* End PBXContainerItemProxy section */

/* Begin PBXFileReference section */
		1F51573F1FABFDE10077CEA1 /* AddNewClassViewController.swift */ = {isa = PBXFileReference; fileEncoding = 4; lastKnownFileType = sourcecode.swift; path = AddNewClassViewController.swift; sourceTree = "<group>"; };
		1F5157411FABFF900077CEA1 /* ClassesTableViewController.swift */ = {isa = PBXFileReference; lastKnownFileType = sourcecode.swift; path = ClassesTableViewController.swift; sourceTree = "<group>"; };
		1F5157431FAC008B0077CEA1 /* TakeAttendanceViewController.swift */ = {isa = PBXFileReference; fileEncoding = 4; lastKnownFileType = sourcecode.swift; path = TakeAttendanceViewController.swift; sourceTree = "<group>"; };
		1F5157451FAC00D80077CEA1 /* AttendanceSheetsTableViewController.swift */ = {isa = PBXFileReference; lastKnownFileType = sourcecode.swift; path = AttendanceSheetsTableViewController.swift; sourceTree = "<group>"; };
		1F6F58971FB51E47000D9ACF /* DatabaseManager.swift */ = {isa = PBXFileReference; lastKnownFileType = sourcecode.swift; path = DatabaseManager.swift; sourceTree = "<group>"; };
		1F89DB531F86ABD2009E5C3F /* SMart Attendance Recorder & Tracker.app */ = {isa = PBXFileReference; explicitFileType = wrapper.application; includeInIndex = 0; path = "SMart Attendance Recorder & Tracker.app"; sourceTree = BUILT_PRODUCTS_DIR; };
		1F89DB561F86ABD2009E5C3F /* AppDelegate.swift */ = {isa = PBXFileReference; lastKnownFileType = sourcecode.swift; path = AppDelegate.swift; sourceTree = "<group>"; };
		1F89DB581F86ABD2009E5C3F /* LoginPageViewController.swift */ = {isa = PBXFileReference; lastKnownFileType = sourcecode.swift; path = LoginPageViewController.swift; sourceTree = "<group>"; };
		1F89DB5F1F86ABD2009E5C3F /* Assets.xcassets */ = {isa = PBXFileReference; lastKnownFileType = folder.assetcatalog; path = Assets.xcassets; sourceTree = "<group>"; };
		1F89DB621F86ABD2009E5C3F /* Base */ = {isa = PBXFileReference; lastKnownFileType = file.storyboard; name = Base; path = Base.lproj/LaunchScreen.storyboard; sourceTree = "<group>"; };
		1F89DB641F86ABD2009E5C3F /* Info.plist */ = {isa = PBXFileReference; lastKnownFileType = text.plist.xml; path = Info.plist; sourceTree = "<group>"; };
		1F89DB691F86ABD2009E5C3F /* SMart Attendance Recorder & TrackerTests.xctest */ = {isa = PBXFileReference; explicitFileType = wrapper.cfbundle; includeInIndex = 0; path = "SMart Attendance Recorder & TrackerTests.xctest"; sourceTree = BUILT_PRODUCTS_DIR; };
		1F89DB6D1F86ABD2009E5C3F /* SMart_Attendance_Recorder___TrackerTests.swift */ = {isa = PBXFileReference; lastKnownFileType = sourcecode.swift; path = "SMart_Attendance_Recorder___TrackerTests.swift"; sourceTree = "<group>"; };
		1F89DB6F1F86ABD2009E5C3F /* Info.plist */ = {isa = PBXFileReference; lastKnownFileType = text.plist.xml; path = Info.plist; sourceTree = "<group>"; };
		1F89DB741F86ABD2009E5C3F /* SMart Attendance Recorder & TrackerUITests.xctest */ = {isa = PBXFileReference; explicitFileType = wrapper.cfbundle; includeInIndex = 0; path = "SMart Attendance Recorder & TrackerUITests.xctest"; sourceTree = BUILT_PRODUCTS_DIR; };
		1F89DB781F86ABD2009E5C3F /* SMart_Attendance_Recorder___TrackerUITests.swift */ = {isa = PBXFileReference; lastKnownFileType = sourcecode.swift; path = "SMart_Attendance_Recorder___TrackerUITests.swift"; sourceTree = "<group>"; };
		1F89DB7A1F86ABD2009E5C3F /* Info.plist */ = {isa = PBXFileReference; lastKnownFileType = text.plist.xml; path = Info.plist; sourceTree = "<group>"; };
		1F89DB8A1F86CB1E009E5C3F /* SettingsViewController.swift */ = {isa = PBXFileReference; lastKnownFileType = sourcecode.swift; path = SettingsViewController.swift; sourceTree = "<group>"; };
		1FAFB1371FD32B4800195D9E /* SwitchCell.swift */ = {isa = PBXFileReference; lastKnownFileType = sourcecode.swift; path = SwitchCell.swift; sourceTree = "<group>"; };
		1FE73C931FB53A3D005DF62E /* ClaSS.swift */ = {isa = PBXFileReference; fileEncoding = 4; lastKnownFileType = sourcecode.swift; path = ClaSS.swift; sourceTree = "<group>"; };
		1FE73C951FB53A75005DF62E /* Professor.swift */ = {isa = PBXFileReference; lastKnownFileType = sourcecode.swift; path = Professor.swift; sourceTree = "<group>"; };
		1FE73C971FB53CF0005DF62E /* Sheet.swift */ = {isa = PBXFileReference; lastKnownFileType = sourcecode.swift; path = Sheet.swift; sourceTree = "<group>"; };
		1FE73C9B1FB55063005DF62E /* TodayAttendanceViewController.swift */ = {isa = PBXFileReference; lastKnownFileType = sourcecode.swift; path = TodayAttendanceViewController.swift; sourceTree = "<group>"; };
		587D5DEE33DE9F1209584219 /* Pods-SMart Attendance Recorder & Tracker.debug.xcconfig */ = {isa = PBXFileReference; includeInIndex = 1; lastKnownFileType = text.xcconfig; name = "Pods-SMart Attendance Recorder & Tracker.debug.xcconfig"; path = "Pods/Target Support Files/Pods-SMart Attendance Recorder & Tracker/Pods-SMart Attendance Recorder & Tracker.debug.xcconfig"; sourceTree = "<group>"; };
		59565B11212A2B6ABF29E895 /* libPods-SMart Attendance Recorder & Tracker.a */ = {isa = PBXFileReference; explicitFileType = archive.ar; includeInIndex = 0; path = "libPods-SMart Attendance Recorder & Tracker.a"; sourceTree = BUILT_PRODUCTS_DIR; };
		68523DE21FA55B9F00E8CF74 /* EditSettingsViewController.swift */ = {isa = PBXFileReference; fileEncoding = 4; lastKnownFileType = sourcecode.swift; path = EditSettingsViewController.swift; sourceTree = "<group>"; };
		68523DE31FA55B9F00E8CF74 /* RegisterNewAccountViewController.swift */ = {isa = PBXFileReference; fileEncoding = 4; lastKnownFileType = sourcecode.swift; path = RegisterNewAccountViewController.swift; sourceTree = "<group>"; };
		68523DE71FA55BC000E8CF74 /* Base */ = {isa = PBXFileReference; lastKnownFileType = file.storyboard; name = Base; path = Base.lproj/Main.storyboard; sourceTree = "<group>"; };
		9E296B481F86C04F00B29AD7 /* StudentProfileViewController.swift */ = {isa = PBXFileReference; lastKnownFileType = sourcecode.swift; path = StudentProfileViewController.swift; sourceTree = "<group>"; };
		9E9257121FD35BB100FC0433 /* StudentsViewController.swift */ = {isa = PBXFileReference; lastKnownFileType = sourcecode.swift; path = StudentsViewController.swift; sourceTree = "<group>"; };
		CC2B1B1C1F9972BF0059522B /* ForgotPasswordViewController.swift */ = {isa = PBXFileReference; lastKnownFileType = sourcecode.swift; path = ForgotPasswordViewController.swift; sourceTree = "<group>"; };
		FEA561EDFD1A37925E593AB9 /* Pods-SMart Attendance Recorder & Tracker.release.xcconfig */ = {isa = PBXFileReference; includeInIndex = 1; lastKnownFileType = text.xcconfig; name = "Pods-SMart Attendance Recorder & Tracker.release.xcconfig"; path = "Pods/Target Support Files/Pods-SMart Attendance Recorder & Tracker/Pods-SMart Attendance Recorder & Tracker.release.xcconfig"; sourceTree = "<group>"; };
/* End PBXFileReference section */

/* Begin PBXFrameworksBuildPhase section */
		1F89DB501F86ABD2009E5C3F /* Frameworks */ = {
			isa = PBXFrameworksBuildPhase;
			buildActionMask = 2147483647;
			files = (
				0C085FE2656416F7A976FC43 /* libPods-SMart Attendance Recorder & Tracker.a in Frameworks */,
			);
			runOnlyForDeploymentPostprocessing = 0;
		};
		1F89DB661F86ABD2009E5C3F /* Frameworks */ = {
			isa = PBXFrameworksBuildPhase;
			buildActionMask = 2147483647;
			files = (
			);
			runOnlyForDeploymentPostprocessing = 0;
		};
		1F89DB711F86ABD2009E5C3F /* Frameworks */ = {
			isa = PBXFrameworksBuildPhase;
			buildActionMask = 2147483647;
			files = (
			);
			runOnlyForDeploymentPostprocessing = 0;
		};
/* End PBXFrameworksBuildPhase section */

/* Begin PBXGroup section */
		1F89DB4A1F86ABD2009E5C3F = {
			isa = PBXGroup;
			children = (
				1F89DB551F86ABD2009E5C3F /* SMart Attendance Recorder & Tracker */,
				1F89DB6C1F86ABD2009E5C3F /* SMart Attendance Recorder & TrackerTests */,
				1F89DB771F86ABD2009E5C3F /* SMart Attendance Recorder & TrackerUITests */,
				1F89DB541F86ABD2009E5C3F /* Products */,
				EEF70E1DAF287C34032BD2B6 /* Pods */,
				3E2D0853092EC535CB1355E1 /* Frameworks */,
			);
			sourceTree = "<group>";
		};
		1F89DB541F86ABD2009E5C3F /* Products */ = {
			isa = PBXGroup;
			children = (
				1F89DB531F86ABD2009E5C3F /* SMart Attendance Recorder & Tracker.app */,
				1F89DB691F86ABD2009E5C3F /* SMart Attendance Recorder & TrackerTests.xctest */,
				1F89DB741F86ABD2009E5C3F /* SMart Attendance Recorder & TrackerUITests.xctest */,
			);
			name = Products;
			sourceTree = "<group>";
		};
		1F89DB551F86ABD2009E5C3F /* SMart Attendance Recorder & Tracker */ = {
			isa = PBXGroup;
			children = (
				1F89DB561F86ABD2009E5C3F /* AppDelegate.swift */,
				1F89DB581F86ABD2009E5C3F /* LoginPageViewController.swift */,
				1F5157411FABFF900077CEA1 /* ClassesTableViewController.swift */,
				1F5157451FAC00D80077CEA1 /* AttendanceSheetsTableViewController.swift */,
				1F51573F1FABFDE10077CEA1 /* AddNewClassViewController.swift */,
				1FE73C9B1FB55063005DF62E /* TodayAttendanceViewController.swift */,
				1F5157431FAC008B0077CEA1 /* TakeAttendanceViewController.swift */,
				9E296B481F86C04F00B29AD7 /* StudentProfileViewController.swift */,
				1F89DB8A1F86CB1E009E5C3F /* SettingsViewController.swift */,
				68523DE21FA55B9F00E8CF74 /* EditSettingsViewController.swift */,
				68523DE31FA55B9F00E8CF74 /* RegisterNewAccountViewController.swift */,
				CC2B1B1C1F9972BF0059522B /* ForgotPasswordViewController.swift */,
				68523DE61FA55BC000E8CF74 /* Main.storyboard */,
				9E9257121FD35BB100FC0433 /* StudentsViewController.swift */,
				1FE73C951FB53A75005DF62E /* Professor.swift */,
				1FE73C931FB53A3D005DF62E /* ClaSS.swift */,
				1FE73C971FB53CF0005DF62E /* Sheet.swift */,
				1F6F58971FB51E47000D9ACF /* DatabaseManager.swift */,
				1F89DB5F1F86ABD2009E5C3F /* Assets.xcassets */,
				1F89DB611F86ABD2009E5C3F /* LaunchScreen.storyboard */,
				1F89DB641F86ABD2009E5C3F /* Info.plist */,
				1FAFB1371FD32B4800195D9E /* SwitchCell.swift */,
			);
			path = "SMart Attendance Recorder & Tracker";
			sourceTree = "<group>";
		};
		1F89DB6C1F86ABD2009E5C3F /* SMart Attendance Recorder & TrackerTests */ = {
			isa = PBXGroup;
			children = (
				1F89DB6D1F86ABD2009E5C3F /* SMart_Attendance_Recorder___TrackerTests.swift */,
				1F89DB6F1F86ABD2009E5C3F /* Info.plist */,
			);
			path = "SMart Attendance Recorder & TrackerTests";
			sourceTree = "<group>";
		};
		1F89DB771F86ABD2009E5C3F /* SMart Attendance Recorder & TrackerUITests */ = {
			isa = PBXGroup;
			children = (
				1F89DB781F86ABD2009E5C3F /* SMart_Attendance_Recorder___TrackerUITests.swift */,
				1F89DB7A1F86ABD2009E5C3F /* Info.plist */,
			);
			path = "SMart Attendance Recorder & TrackerUITests";
			sourceTree = "<group>";
		};
		3E2D0853092EC535CB1355E1 /* Frameworks */ = {
			isa = PBXGroup;
			children = (
				59565B11212A2B6ABF29E895 /* libPods-SMart Attendance Recorder & Tracker.a */,
			);
			name = Frameworks;
			sourceTree = "<group>";
		};
		EEF70E1DAF287C34032BD2B6 /* Pods */ = {
			isa = PBXGroup;
			children = (
				587D5DEE33DE9F1209584219 /* Pods-SMart Attendance Recorder & Tracker.debug.xcconfig */,
				FEA561EDFD1A37925E593AB9 /* Pods-SMart Attendance Recorder & Tracker.release.xcconfig */,
			);
			name = Pods;
			sourceTree = "<group>";
		};
/* End PBXGroup section */

/* Begin PBXNativeTarget section */
		1F89DB521F86ABD2009E5C3F /* SMart Attendance Recorder & Tracker */ = {
			isa = PBXNativeTarget;
			buildConfigurationList = 1F89DB7D1F86ABD2009E5C3F /* Build configuration list for PBXNativeTarget "SMart Attendance Recorder & Tracker" */;
			buildPhases = (
				BF899D1287873860E925D206 /* [CP] Check Pods Manifest.lock */,
				1F89DB4F1F86ABD2009E5C3F /* Sources */,
				1F89DB501F86ABD2009E5C3F /* Frameworks */,
				1F89DB511F86ABD2009E5C3F /* Resources */,
				D51CC74A6A2776E6599A8788 /* [CP] Embed Pods Frameworks */,
				0EAE2D759CCBED82F9CC7CE0 /* [CP] Copy Pods Resources */,
			);
			buildRules = (
			);
			dependencies = (
			);
			name = "SMart Attendance Recorder & Tracker";
			productName = "SMart Attendance Recorder & Tracker";
			productReference = 1F89DB531F86ABD2009E5C3F /* SMart Attendance Recorder & Tracker.app */;
			productType = "com.apple.product-type.application";
		};
		1F89DB681F86ABD2009E5C3F /* SMart Attendance Recorder & TrackerTests */ = {
			isa = PBXNativeTarget;
			buildConfigurationList = 1F89DB801F86ABD2009E5C3F /* Build configuration list for PBXNativeTarget "SMart Attendance Recorder & TrackerTests" */;
			buildPhases = (
				1F89DB651F86ABD2009E5C3F /* Sources */,
				1F89DB661F86ABD2009E5C3F /* Frameworks */,
				1F89DB671F86ABD2009E5C3F /* Resources */,
			);
			buildRules = (
			);
			dependencies = (
				1F89DB6B1F86ABD2009E5C3F /* PBXTargetDependency */,
			);
			name = "SMart Attendance Recorder & TrackerTests";
			productName = "SMart Attendance Recorder & TrackerTests";
			productReference = 1F89DB691F86ABD2009E5C3F /* SMart Attendance Recorder & TrackerTests.xctest */;
			productType = "com.apple.product-type.bundle.unit-test";
		};
		1F89DB731F86ABD2009E5C3F /* SMart Attendance Recorder & TrackerUITests */ = {
			isa = PBXNativeTarget;
			buildConfigurationList = 1F89DB831F86ABD2009E5C3F /* Build configuration list for PBXNativeTarget "SMart Attendance Recorder & TrackerUITests" */;
			buildPhases = (
				1F89DB701F86ABD2009E5C3F /* Sources */,
				1F89DB711F86ABD2009E5C3F /* Frameworks */,
				1F89DB721F86ABD2009E5C3F /* Resources */,
			);
			buildRules = (
			);
			dependencies = (
				1F89DB761F86ABD2009E5C3F /* PBXTargetDependency */,
			);
			name = "SMart Attendance Recorder & TrackerUITests";
			productName = "SMart Attendance Recorder & TrackerUITests";
			productReference = 1F89DB741F86ABD2009E5C3F /* SMart Attendance Recorder & TrackerUITests.xctest */;
			productType = "com.apple.product-type.bundle.ui-testing";
		};
/* End PBXNativeTarget section */

/* Begin PBXProject section */
		1F89DB4B1F86ABD2009E5C3F /* Project object */ = {
			isa = PBXProject;
			attributes = {
				LastSwiftUpdateCheck = 0900;
				LastUpgradeCheck = 0900;
				ORGANIZATIONNAME = "Aditya Srimat Tirumala Pallerlamudi";
				TargetAttributes = {
					1F89DB521F86ABD2009E5C3F = {
						CreatedOnToolsVersion = 9.0;
						ProvisioningStyle = Automatic;
					};
					1F89DB681F86ABD2009E5C3F = {
						CreatedOnToolsVersion = 9.0;
						ProvisioningStyle = Automatic;
						TestTargetID = 1F89DB521F86ABD2009E5C3F;
					};
					1F89DB731F86ABD2009E5C3F = {
						CreatedOnToolsVersion = 9.0;
						ProvisioningStyle = Automatic;
						TestTargetID = 1F89DB521F86ABD2009E5C3F;
					};
				};
			};
			buildConfigurationList = 1F89DB4E1F86ABD2009E5C3F /* Build configuration list for PBXProject "SMart Attendance Recorder & Tracker" */;
			compatibilityVersion = "Xcode 8.0";
			developmentRegion = en;
			hasScannedForEncodings = 0;
			knownRegions = (
				en,
				Base,
			);
			mainGroup = 1F89DB4A1F86ABD2009E5C3F;
			productRefGroup = 1F89DB541F86ABD2009E5C3F /* Products */;
			projectDirPath = "";
			projectRoot = "";
			targets = (
				1F89DB521F86ABD2009E5C3F /* SMart Attendance Recorder & Tracker */,
				1F89DB681F86ABD2009E5C3F /* SMart Attendance Recorder & TrackerTests */,
				1F89DB731F86ABD2009E5C3F /* SMart Attendance Recorder & TrackerUITests */,
			);
		};
/* End PBXProject section */

/* Begin PBXResourcesBuildPhase section */
		1F89DB511F86ABD2009E5C3F /* Resources */ = {
			isa = PBXResourcesBuildPhase;
			buildActionMask = 2147483647;
			files = (
				68523DE81FA55BC100E8CF74 /* Main.storyboard in Resources */,
				1F89DB631F86ABD2009E5C3F /* LaunchScreen.storyboard in Resources */,
				1F89DB601F86ABD2009E5C3F /* Assets.xcassets in Resources */,
			);
			runOnlyForDeploymentPostprocessing = 0;
		};
		1F89DB671F86ABD2009E5C3F /* Resources */ = {
			isa = PBXResourcesBuildPhase;
			buildActionMask = 2147483647;
			files = (
			);
			runOnlyForDeploymentPostprocessing = 0;
		};
		1F89DB721F86ABD2009E5C3F /* Resources */ = {
			isa = PBXResourcesBuildPhase;
			buildActionMask = 2147483647;
			files = (
			);
			runOnlyForDeploymentPostprocessing = 0;
		};
/* End PBXResourcesBuildPhase section */

/* Begin PBXShellScriptBuildPhase section */
		0EAE2D759CCBED82F9CC7CE0 /* [CP] Copy Pods Resources */ = {
			isa = PBXShellScriptBuildPhase;
			buildActionMask = 2147483647;
			files = (
			);
			inputPaths = (
			);
			name = "[CP] Copy Pods Resources";
			outputPaths = (
			);
			runOnlyForDeploymentPostprocessing = 0;
			shellPath = /bin/sh;
			shellScript = "\"${SRCROOT}/Pods/Target Support Files/Pods-SMart Attendance Recorder & Tracker/Pods-SMart Attendance Recorder & Tracker-resources.sh\"\n";
			showEnvVarsInLog = 0;
		};
		BF899D1287873860E925D206 /* [CP] Check Pods Manifest.lock */ = {
			isa = PBXShellScriptBuildPhase;
			buildActionMask = 2147483647;
			files = (
			);
			inputPaths = (
				"${PODS_PODFILE_DIR_PATH}/Podfile.lock",
				"${PODS_ROOT}/Manifest.lock",
			);
			name = "[CP] Check Pods Manifest.lock";
			outputPaths = (
				"$(DERIVED_FILE_DIR)/Pods-SMart Attendance Recorder & Tracker-checkManifestLockResult.txt",
			);
			runOnlyForDeploymentPostprocessing = 0;
			shellPath = /bin/sh;
			shellScript = "diff \"${PODS_PODFILE_DIR_PATH}/Podfile.lock\" \"${PODS_ROOT}/Manifest.lock\" > /dev/null\nif [ $? != 0 ] ; then\n    # print error to STDERR\n    echo \"error: The sandbox is not in sync with the Podfile.lock. Run 'pod install' or update your CocoaPods installation.\" >&2\n    exit 1\nfi\n# This output is used by Xcode 'outputs' to avoid re-running this script phase.\necho \"SUCCESS\" > \"${SCRIPT_OUTPUT_FILE_0}\"\n";
			showEnvVarsInLog = 0;
		};
		D51CC74A6A2776E6599A8788 /* [CP] Embed Pods Frameworks */ = {
			isa = PBXShellScriptBuildPhase;
			buildActionMask = 2147483647;
			files = (
			);
			inputPaths = (
			);
			name = "[CP] Embed Pods Frameworks";
			outputPaths = (
			);
			runOnlyForDeploymentPostprocessing = 0;
			shellPath = /bin/sh;
			shellScript = "\"${SRCROOT}/Pods/Target Support Files/Pods-SMart Attendance Recorder & Tracker/Pods-SMart Attendance Recorder & Tracker-frameworks.sh\"\n";
			showEnvVarsInLog = 0;
		};
/* End PBXShellScriptBuildPhase section */

/* Begin PBXSourcesBuildPhase section */
		1F89DB4F1F86ABD2009E5C3F /* Sources */ = {
			isa = PBXSourcesBuildPhase;
			buildActionMask = 2147483647;
			files = (
				1FE73C981FB53CF0005DF62E /* Sheet.swift in Sources */,
				1F5157421FABFF900077CEA1 /* ClassesTableViewController.swift in Sources */,
				CC2B1B1D1F9972BF0059522B /* ForgotPasswordViewController.swift in Sources */,
				1F6F58981FB51E47000D9ACF /* DatabaseManager.swift in Sources */,
				1F5157441FAC008B0077CEA1 /* TakeAttendanceViewController.swift in Sources */,
				68523DE51FA55B9F00E8CF74 /* RegisterNewAccountViewController.swift in Sources */,
				68523DE41FA55B9F00E8CF74 /* EditSettingsViewController.swift in Sources */,
				1F5157461FAC00D80077CEA1 /* AttendanceSheetsTableViewController.swift in Sources */,
				1FE73C961FB53A75005DF62E /* Professor.swift in Sources */,
				9E9257131FD35BB100FC0433 /* StudentsViewController.swift in Sources */,
				1FE73C941FB53A3D005DF62E /* ClaSS.swift in Sources */,
				9E296B491F86C04F00B29AD7 /* StudentProfileViewController.swift in Sources */,
				1F89DB571F86ABD2009E5C3F /* AppDelegate.swift in Sources */,
				1F89DB591F86ABD2009E5C3F /* LoginPageViewController.swift in Sources */,
				1FE73C9C1FB55063005DF62E /* TodayAttendanceViewController.swift in Sources */,
				1F5157401FABFDE20077CEA1 /* AddNewClassViewController.swift in Sources */,
				1FAFB1381FD32B4800195D9E /* SwitchCell.swift in Sources */,
				1F89DB8B1F86CB1E009E5C3F /* SettingsViewController.swift in Sources */,
			);
			runOnlyForDeploymentPostprocessing = 0;
		};
		1F89DB651F86ABD2009E5C3F /* Sources */ = {
			isa = PBXSourcesBuildPhase;
			buildActionMask = 2147483647;
			files = (
				1F89DB6E1F86ABD2009E5C3F /* SMart_Attendance_Recorder___TrackerTests.swift in Sources */,
			);
			runOnlyForDeploymentPostprocessing = 0;
		};
		1F89DB701F86ABD2009E5C3F /* Sources */ = {
			isa = PBXSourcesBuildPhase;
			buildActionMask = 2147483647;
			files = (
				1F89DB791F86ABD2009E5C3F /* SMart_Attendance_Recorder___TrackerUITests.swift in Sources */,
			);
			runOnlyForDeploymentPostprocessing = 0;
		};
/* End PBXSourcesBuildPhase section */

/* Begin PBXTargetDependency section */
		1F89DB6B1F86ABD2009E5C3F /* PBXTargetDependency */ = {
			isa = PBXTargetDependency;
			target = 1F89DB521F86ABD2009E5C3F /* SMart Attendance Recorder & Tracker */;
			targetProxy = 1F89DB6A1F86ABD2009E5C3F /* PBXContainerItemProxy */;
		};
		1F89DB761F86ABD2009E5C3F /* PBXTargetDependency */ = {
			isa = PBXTargetDependency;
			target = 1F89DB521F86ABD2009E5C3F /* SMart Attendance Recorder & Tracker */;
			targetProxy = 1F89DB751F86ABD2009E5C3F /* PBXContainerItemProxy */;
		};
/* End PBXTargetDependency section */

/* Begin PBXVariantGroup section */
		1F89DB611F86ABD2009E5C3F /* LaunchScreen.storyboard */ = {
			isa = PBXVariantGroup;
			children = (
				1F89DB621F86ABD2009E5C3F /* Base */,
			);
			name = LaunchScreen.storyboard;
			sourceTree = "<group>";
		};
		68523DE61FA55BC000E8CF74 /* Main.storyboard */ = {
			isa = PBXVariantGroup;
			children = (
				68523DE71FA55BC000E8CF74 /* Base */,
			);
			name = Main.storyboard;
			sourceTree = "<group>";
		};
/* End PBXVariantGroup section */

/* Begin XCBuildConfiguration section */
		1F89DB7B1F86ABD2009E5C3F /* Debug */ = {
			isa = XCBuildConfiguration;
			buildSettings = {
				ALWAYS_SEARCH_USER_PATHS = NO;
				CLANG_ANALYZER_NONNULL = YES;
				CLANG_ANALYZER_NUMBER_OBJECT_CONVERSION = YES_AGGRESSIVE;
				CLANG_CXX_LANGUAGE_STANDARD = "gnu++14";
				CLANG_CXX_LIBRARY = "libc++";
				CLANG_ENABLE_MODULES = YES;
				CLANG_ENABLE_OBJC_ARC = YES;
				CLANG_WARN_BLOCK_CAPTURE_AUTORELEASING = YES;
				CLANG_WARN_BOOL_CONVERSION = YES;
				CLANG_WARN_COMMA = YES;
				CLANG_WARN_CONSTANT_CONVERSION = YES;
				CLANG_WARN_DIRECT_OBJC_ISA_USAGE = YES_ERROR;
				CLANG_WARN_DOCUMENTATION_COMMENTS = YES;
				CLANG_WARN_EMPTY_BODY = YES;
				CLANG_WARN_ENUM_CONVERSION = YES;
				CLANG_WARN_INFINITE_RECURSION = YES;
				CLANG_WARN_INT_CONVERSION = YES;
				CLANG_WARN_NON_LITERAL_NULL_CONVERSION = YES;
				CLANG_WARN_OBJC_LITERAL_CONVERSION = YES;
				CLANG_WARN_OBJC_ROOT_CLASS = YES_ERROR;
				CLANG_WARN_RANGE_LOOP_ANALYSIS = YES;
				CLANG_WARN_STRICT_PROTOTYPES = YES;
				CLANG_WARN_SUSPICIOUS_MOVE = YES;
				CLANG_WARN_UNGUARDED_AVAILABILITY = YES_AGGRESSIVE;
				CLANG_WARN_UNREACHABLE_CODE = YES;
				CLANG_WARN__DUPLICATE_METHOD_MATCH = YES;
				CODE_SIGN_IDENTITY = "iPhone Developer";
				COPY_PHASE_STRIP = NO;
				DEBUG_INFORMATION_FORMAT = dwarf;
				ENABLE_STRICT_OBJC_MSGSEND = YES;
				ENABLE_TESTABILITY = YES;
				GCC_C_LANGUAGE_STANDARD = gnu11;
				GCC_DYNAMIC_NO_PIC = NO;
				GCC_NO_COMMON_BLOCKS = YES;
				GCC_OPTIMIZATION_LEVEL = 0;
				GCC_PREPROCESSOR_DEFINITIONS = (
					"DEBUG=1",
					"$(inherited)",
				);
				GCC_WARN_64_TO_32_BIT_CONVERSION = YES;
				GCC_WARN_ABOUT_RETURN_TYPE = YES_ERROR;
				GCC_WARN_UNDECLARED_SELECTOR = YES;
				GCC_WARN_UNINITIALIZED_AUTOS = YES_AGGRESSIVE;
				GCC_WARN_UNUSED_FUNCTION = YES;
				GCC_WARN_UNUSED_VARIABLE = YES;
				IPHONEOS_DEPLOYMENT_TARGET = 11.0;
				MTL_ENABLE_DEBUG_INFO = YES;
				ONLY_ACTIVE_ARCH = YES;
				SDKROOT = iphoneos;
				SWIFT_ACTIVE_COMPILATION_CONDITIONS = DEBUG;
				SWIFT_OPTIMIZATION_LEVEL = "-Onone";
			};
			name = Debug;
		};
		1F89DB7C1F86ABD2009E5C3F /* Release */ = {
			isa = XCBuildConfiguration;
			buildSettings = {
				ALWAYS_SEARCH_USER_PATHS = NO;
				CLANG_ANALYZER_NONNULL = YES;
				CLANG_ANALYZER_NUMBER_OBJECT_CONVERSION = YES_AGGRESSIVE;
				CLANG_CXX_LANGUAGE_STANDARD = "gnu++14";
				CLANG_CXX_LIBRARY = "libc++";
				CLANG_ENABLE_MODULES = YES;
				CLANG_ENABLE_OBJC_ARC = YES;
				CLANG_WARN_BLOCK_CAPTURE_AUTORELEASING = YES;
				CLANG_WARN_BOOL_CONVERSION = YES;
				CLANG_WARN_COMMA = YES;
				CLANG_WARN_CONSTANT_CONVERSION = YES;
				CLANG_WARN_DIRECT_OBJC_ISA_USAGE = YES_ERROR;
				CLANG_WARN_DOCUMENTATION_COMMENTS = YES;
				CLANG_WARN_EMPTY_BODY = YES;
				CLANG_WARN_ENUM_CONVERSION = YES;
				CLANG_WARN_INFINITE_RECURSION = YES;
				CLANG_WARN_INT_CONVERSION = YES;
				CLANG_WARN_NON_LITERAL_NULL_CONVERSION = YES;
				CLANG_WARN_OBJC_LITERAL_CONVERSION = YES;
				CLANG_WARN_OBJC_ROOT_CLASS = YES_ERROR;
				CLANG_WARN_RANGE_LOOP_ANALYSIS = YES;
				CLANG_WARN_STRICT_PROTOTYPES = YES;
				CLANG_WARN_SUSPICIOUS_MOVE = YES;
				CLANG_WARN_UNGUARDED_AVAILABILITY = YES_AGGRESSIVE;
				CLANG_WARN_UNREACHABLE_CODE = YES;
				CLANG_WARN__DUPLICATE_METHOD_MATCH = YES;
				CODE_SIGN_IDENTITY = "iPhone Developer";
				COPY_PHASE_STRIP = NO;
				DEBUG_INFORMATION_FORMAT = "dwarf-with-dsym";
				ENABLE_NS_ASSERTIONS = NO;
				ENABLE_STRICT_OBJC_MSGSEND = YES;
				GCC_C_LANGUAGE_STANDARD = gnu11;
				GCC_NO_COMMON_BLOCKS = YES;
				GCC_WARN_64_TO_32_BIT_CONVERSION = YES;
				GCC_WARN_ABOUT_RETURN_TYPE = YES_ERROR;
				GCC_WARN_UNDECLARED_SELECTOR = YES;
				GCC_WARN_UNINITIALIZED_AUTOS = YES_AGGRESSIVE;
				GCC_WARN_UNUSED_FUNCTION = YES;
				GCC_WARN_UNUSED_VARIABLE = YES;
				IPHONEOS_DEPLOYMENT_TARGET = 11.0;
				MTL_ENABLE_DEBUG_INFO = NO;
				SDKROOT = iphoneos;
				SWIFT_OPTIMIZATION_LEVEL = "-Owholemodule";
				VALIDATE_PRODUCT = YES;
			};
			name = Release;
		};
		1F89DB7E1F86ABD2009E5C3F /* Debug */ = {
			isa = XCBuildConfiguration;
			baseConfigurationReference = 587D5DEE33DE9F1209584219 /* Pods-SMart Attendance Recorder & Tracker.debug.xcconfig */;
			buildSettings = {
				ASSETCATALOG_COMPILER_APPICON_NAME = AppIcon;
				CODE_SIGN_STYLE = Automatic;
				INFOPLIST_FILE = "SMart Attendance Recorder & Tracker/Info.plist";
				LD_RUNPATH_SEARCH_PATHS = "$(inherited) @executable_path/Frameworks";
				PRODUCT_BUNDLE_IDENTIFIER = "edu.nwmissouri.SMart-Attendance-Recorder---Tracker";
				PRODUCT_NAME = "$(TARGET_NAME)";
				SWIFT_OBJC_BRIDGING_HEADER = "Pods/Backendless/SDK/ios/backendless/include/Backendless-Bridging-Header.h";
				SWIFT_VERSION = 4.0;
				TARGETED_DEVICE_FAMILY = "1,2";
			};
			name = Debug;
		};
		1F89DB7F1F86ABD2009E5C3F /* Release */ = {
			isa = XCBuildConfiguration;
			baseConfigurationReference = FEA561EDFD1A37925E593AB9 /* Pods-SMart Attendance Recorder & Tracker.release.xcconfig */;
			buildSettings = {
				ASSETCATALOG_COMPILER_APPICON_NAME = AppIcon;
				CODE_SIGN_STYLE = Automatic;
				INFOPLIST_FILE = "SMart Attendance Recorder & Tracker/Info.plist";
				LD_RUNPATH_SEARCH_PATHS = "$(inherited) @executable_path/Frameworks";
				PRODUCT_BUNDLE_IDENTIFIER = "edu.nwmissouri.SMart-Attendance-Recorder---Tracker";
				PRODUCT_NAME = "$(TARGET_NAME)";
				SWIFT_OBJC_BRIDGING_HEADER = "Pods/Backendless/SDK/ios/backendless/include/Backendless-Bridging-Header.h";
				SWIFT_VERSION = 4.0;
				TARGETED_DEVICE_FAMILY = "1,2";
			};
			name = Release;
		};
		1F89DB811F86ABD2009E5C3F /* Debug */ = {
			isa = XCBuildConfiguration;
			buildSettings = {
				ALWAYS_EMBED_SWIFT_STANDARD_LIBRARIES = YES;
				BUNDLE_LOADER = "$(TEST_HOST)";
				CODE_SIGN_STYLE = Automatic;
				INFOPLIST_FILE = "SMart Attendance Recorder & TrackerTests/Info.plist";
				LD_RUNPATH_SEARCH_PATHS = "$(inherited) @executable_path/Frameworks @loader_path/Frameworks";
				PRODUCT_BUNDLE_IDENTIFIER = "edu.nwmissouri.SMart-Attendance-Recorder---TrackerTests";
				PRODUCT_NAME = "$(TARGET_NAME)";
				SWIFT_VERSION = 4.0;
				TARGETED_DEVICE_FAMILY = "1,2";
				TEST_HOST = "$(BUILT_PRODUCTS_DIR)/SMart Attendance Recorder & Tracker.app/SMart Attendance Recorder & Tracker";
			};
			name = Debug;
		};
		1F89DB821F86ABD2009E5C3F /* Release */ = {
			isa = XCBuildConfiguration;
			buildSettings = {
				ALWAYS_EMBED_SWIFT_STANDARD_LIBRARIES = YES;
				BUNDLE_LOADER = "$(TEST_HOST)";
				CODE_SIGN_STYLE = Automatic;
				INFOPLIST_FILE = "SMart Attendance Recorder & TrackerTests/Info.plist";
				LD_RUNPATH_SEARCH_PATHS = "$(inherited) @executable_path/Frameworks @loader_path/Frameworks";
				PRODUCT_BUNDLE_IDENTIFIER = "edu.nwmissouri.SMart-Attendance-Recorder---TrackerTests";
				PRODUCT_NAME = "$(TARGET_NAME)";
				SWIFT_VERSION = 4.0;
				TARGETED_DEVICE_FAMILY = "1,2";
				TEST_HOST = "$(BUILT_PRODUCTS_DIR)/SMart Attendance Recorder & Tracker.app/SMart Attendance Recorder & Tracker";
			};
			name = Release;
		};
		1F89DB841F86ABD2009E5C3F /* Debug */ = {
			isa = XCBuildConfiguration;
			buildSettings = {
				ALWAYS_EMBED_SWIFT_STANDARD_LIBRARIES = YES;
				CODE_SIGN_STYLE = Automatic;
				INFOPLIST_FILE = "SMart Attendance Recorder & TrackerUITests/Info.plist";
				LD_RUNPATH_SEARCH_PATHS = "$(inherited) @executable_path/Frameworks @loader_path/Frameworks";
				PRODUCT_BUNDLE_IDENTIFIER = "edu.nwmissouri.SMart-Attendance-Recorder---TrackerUITests";
				PRODUCT_NAME = "$(TARGET_NAME)";
				SWIFT_VERSION = 4.0;
				TARGETED_DEVICE_FAMILY = "1,2";
				TEST_TARGET_NAME = "SMart Attendance Recorder & Tracker";
			};
			name = Debug;
		};
		1F89DB851F86ABD2009E5C3F /* Release */ = {
			isa = XCBuildConfiguration;
			buildSettings = {
				ALWAYS_EMBED_SWIFT_STANDARD_LIBRARIES = YES;
				CODE_SIGN_STYLE = Automatic;
				INFOPLIST_FILE = "SMart Attendance Recorder & TrackerUITests/Info.plist";
				LD_RUNPATH_SEARCH_PATHS = "$(inherited) @executable_path/Frameworks @loader_path/Frameworks";
				PRODUCT_BUNDLE_IDENTIFIER = "edu.nwmissouri.SMart-Attendance-Recorder---TrackerUITests";
				PRODUCT_NAME = "$(TARGET_NAME)";
				SWIFT_VERSION = 4.0;
				TARGETED_DEVICE_FAMILY = "1,2";
				TEST_TARGET_NAME = "SMart Attendance Recorder & Tracker";
			};
			name = Release;
		};
/* End XCBuildConfiguration section */

/* Begin XCConfigurationList section */
		1F89DB4E1F86ABD2009E5C3F /* Build configuration list for PBXProject "SMart Attendance Recorder & Tracker" */ = {
			isa = XCConfigurationList;
			buildConfigurations = (
				1F89DB7B1F86ABD2009E5C3F /* Debug */,
				1F89DB7C1F86ABD2009E5C3F /* Release */,
			);
			defaultConfigurationIsVisible = 0;
			defaultConfigurationName = Release;
		};
		1F89DB7D1F86ABD2009E5C3F /* Build configuration list for PBXNativeTarget "SMart Attendance Recorder & Tracker" */ = {
			isa = XCConfigurationList;
			buildConfigurations = (
				1F89DB7E1F86ABD2009E5C3F /* Debug */,
				1F89DB7F1F86ABD2009E5C3F /* Release */,
			);
			defaultConfigurationIsVisible = 0;
			defaultConfigurationName = Release;
		};
		1F89DB801F86ABD2009E5C3F /* Build configuration list for PBXNativeTarget "SMart Attendance Recorder & TrackerTests" */ = {
			isa = XCConfigurationList;
			buildConfigurations = (
				1F89DB811F86ABD2009E5C3F /* Debug */,
				1F89DB821F86ABD2009E5C3F /* Release */,
			);
			defaultConfigurationIsVisible = 0;
			defaultConfigurationName = Release;
		};
		1F89DB831F86ABD2009E5C3F /* Build configuration list for PBXNativeTarget "SMart Attendance Recorder & TrackerUITests" */ = {
			isa = XCConfigurationList;
			buildConfigurations = (
				1F89DB841F86ABD2009E5C3F /* Debug */,
				1F89DB851F86ABD2009E5C3F /* Release */,
			);
			defaultConfigurationIsVisible = 0;
			defaultConfigurationName = Release;
		};
/* End XCConfigurationList section */
	};
	rootObject = 1F89DB4B1F86ABD2009E5C3F /* Project object */;
}
